
Microsoft Visual Studio Solution File, Format Version 12.00
# Visual Studio Version 16
VisualStudioVersion = 16.0.31613.86
MinimumVisualStudioVersion = 10.0.40219.1
Project("{FAE04EC0-301F-11D3-BF4B-00C04F79EFBC}") = "P1", "P1\P1.csproj", "{BE1EE0C7-B2AA-44F4-9259-8CEFC7E83A8D}"
EndProject
Global
	GlobalSection(SolutionConfigurationPlatforms) = preSolution
		Debug|Any CPU = Debug|Any CPU
		Release|Any CPU = Release|Any CPU
	EndGlobalSection
	GlobalSection(ProjectConfigurationPlatforms) = postSolution
		{BE1EE0C7-B2AA-44F4-9259-8CEFC7E83A8D}.Debug|Any CPU.ActiveCfg = Debug|Any CPU
		{BE1EE0C7-B2AA-44F4-9259-8CEFC7E83A8D}.Debug|Any CPU.Build.0 = Debug|Any CPU
		{BE1EE0C7-B2AA-44F4-9259-8CEFC7E83A8D}.Release|Any CPU.ActiveCfg = Release|Any CPU
		{BE1EE0C7-B2AA-44F4-9259-8CEFC7E83A8D}.Release|Any CPU.Build.0 = Release|Any CPU
	EndGlobalSection
	GlobalSection(SolutionProperties) = preSolution
		HideSolutionNode = FALSE
	EndGlobalSection
	GlobalSection(ExtensibilityGlobals) = postSolution
		SolutionGuid = {4DD2AA0E-7BB2-47CF-A6C2-E794A3AA78CB}
	EndGlobalSection
EndGlobal
