
Microsoft Visual Studio Solution File, Format Version 12.00
# Visual Studio Version 16
VisualStudioVersion = 16.0.31613.86
MinimumVisualStudioVersion = 10.0.40219.1
Project("{FAE04EC0-301F-11D3-BF4B-00C04F79EFBC}") = "Calculator", "Calculator.csproj", "{719830A0-6752-4877-9869-2E499CC9FF32}"
EndProject
Global
	GlobalSection(SolutionConfigurationPlatforms) = preSolution
		Debug|Any CPU = Debug|Any CPU
		Release|Any CPU = Release|Any CPU
	EndGlobalSection
	GlobalSection(ProjectConfigurationPlatforms) = postSolution
		{719830A0-6752-4877-9869-2E499CC9FF32}.Debug|Any CPU.ActiveCfg = Debug|Any CPU
		{719830A0-6752-4877-9869-2E499CC9FF32}.Debug|Any CPU.Build.0 = Debug|Any CPU
		{719830A0-6752-4877-9869-2E499CC9FF32}.Release|Any CPU.ActiveCfg = Release|Any CPU
		{719830A0-6752-4877-9869-2E499CC9FF32}.Release|Any CPU.Build.0 = Release|Any CPU
	EndGlobalSection
	GlobalSection(SolutionProperties) = preSolution
		HideSolutionNode = FALSE
	EndGlobalSection
	GlobalSection(ExtensibilityGlobals) = postSolution
		SolutionGuid = {630868F4-0988-404E-8FBC-85CC7676F19D}
	EndGlobalSection
EndGlobal
